{
  "name": "opalpeak1",
  "version": "1.0.0",
  "lockfileVersion": 3,
  "requires": true,
  "packages": {
    "": {
      "name": "opalpeak1",
      "version": "1.0.0",
      "license": "ISC",
      "dependencies": {
        "talkjs": "^0.23.1"
      }
    },
    "node_modules/talkjs": {
      "version": "0.23.1",
      "resolved": "https://registry.npmjs.org/talkjs/-/talkjs-0.23.1.tgz",
      "integrity": "sha512-eQ2ufwDLsXMK76lPTZBhPiAe7WrAx7UFgmi/kfiGuM7t8rx4wFhGzx4UPF0ea/5kz+2sD1//6YT/0pZknLiTyg==",
      "license": "MIT"
    }
  }
}
